// !$*UTF8*$!
{
	archiveVersion = 1;
	classes = {};
	objectVersion = 56;
	objects = {
		000000000000000020000000 /* LinguaPawApp.swift in Sources */ = {isa = PBXBuildFile; fileRef = 000000000000000010000000; };
		000000000000000020000001 /* Translation.swift in Sources */ = {isa = PBXBuildFile; fileRef = 000000000000000010000001; };
		000000000000000020000002 /* AppConfig.swift in Sources */ = {isa = PBXBuildFile; fileRef = 000000000000000010000002; };
		000000000000000020000003 /* HistoryStore.swift in Sources */ = {isa = PBXBuildFile; fileRef = 000000000000000010000003; };
		000000000000000020000004 /* ModelDownloadService.swift in Sources */ = {isa = PBXBuildFile; fileRef = 000000000000000010000004; };
		000000000000000020000005 /* ModelStore.swift in Sources */ = {isa = PBXBuildFile; fileRef = 000000000000000010000005; };
		000000000000000020000006 /* TranslatorService.swift in Sources */ = {isa = PBXBuildFile; fileRef = 000000000000000010000006; };
		000000000000000020000007 /* ViewModel.swift in Sources */ = {isa = PBXBuildFile; fileRef = 000000000000000010000007; };
		000000000000000020000008 /* OnboardingView.swift in Sources */ = {isa = PBXBuildFile; fileRef = 000000000000000010000008; };
		000000000000000020000009 /* SettingsView.swift in Sources */ = {isa = PBXBuildFile; fileRef = 000000000000000010000009; };
		00000000000000002000000A /* TranslationView.swift in Sources */ = {isa = PBXBuildFile; fileRef = 00000000000000001000000A; };
		00000000000000002000000B /* Assets.xcassets in Resources */ = {isa = PBXBuildFile; fileRef = 00000000000000001000000B; };
		00000000000000002000000C /* PrivacyPolicyView.swift in Sources */ = {isa = PBXBuildFile; fileRef = 00000000000000001000000C; };
		000000000000000010000000 /* LinguaPawApp.swift */ = {isa = PBXFileReference; lastKnownFileType = sourcecode.swift; path = LinguaPawApp.swift; sourceTree = "<group>"; };
		000000000000000010000001 /* Translation.swift */ = {isa = PBXFileReference; lastKnownFileType = sourcecode.swift; path = Models/Translation.swift; sourceTree = "<group>"; };
		000000000000000010000002 /* AppConfig.swift */ = {isa = PBXFileReference; lastKnownFileType = sourcecode.swift; path = Services/AppConfig.swift; sourceTree = "<group>"; };
		000000000000000010000003 /* HistoryStore.swift */ = {isa = PBXFileReference; lastKnownFileType = sourcecode.swift; path = Services/HistoryStore.swift; sourceTree = "<group>"; };
		000000000000000010000004 /* ModelDownloadService.swift */ = {isa = PBXFileReference; lastKnownFileType = sourcecode.swift; path = Services/ModelDownloadService.swift; sourceTree = "<group>"; };
		000000000000000010000005 /* ModelStore.swift */ = {isa = PBXFileReference; lastKnownFileType = sourcecode.swift; path = Services/ModelStore.swift; sourceTree = "<group>"; };
		000000000000000010000006 /* TranslatorService.swift */ = {isa = PBXFileReference; lastKnownFileType = sourcecode.swift; path = Services/TranslatorService.swift; sourceTree = "<group>"; };
		000000000000000010000007 /* ViewModel.swift */ = {isa = PBXFileReference; lastKnownFileType = sourcecode.swift; path = ViewModel.swift; sourceTree = "<group>"; };
		000000000000000010000008 /* OnboardingView.swift */ = {isa = PBXFileReference; lastKnownFileType = sourcecode.swift; path = Views/OnboardingView.swift; sourceTree = "<group>"; };
		000000000000000010000009 /* SettingsView.swift */ = {isa = PBXFileReference; lastKnownFileType = sourcecode.swift; path = Views/SettingsView.swift; sourceTree = "<group>"; };
		00000000000000001000000A /* TranslationView.swift */ = {isa = PBXFileReference; lastKnownFileType = sourcecode.swift; path = Views/TranslationView.swift; sourceTree = "<group>"; };
		00000000000000001000000B /* Assets.xcassets */ = {isa = PBXFileReference; lastKnownFileType = folder.assetcatalog; path = Assets.xcassets; sourceTree = "<group>"; };
		00000000000000001000000C /* PrivacyPolicyView.swift */ = {isa = PBXFileReference; lastKnownFileType = sourcecode.swift; path = Views/PrivacyPolicyView.swift; sourceTree = "<group>"; };
		300000000000000000000001 /* LinguaPaw.app */ = {isa = PBXFileReference; explicitFileType = wrapper.application; includeInIndex = 0; path = LinguaPaw.app; sourceTree = BUILT_PRODUCTS_DIR; };
		300000000000000000000002 /* LinguaPaw */ = {isa = PBXGroup; children = (
			000000000000000010000000 /* LinguaPawApp.swift */,
			000000000000000010000001 /* Translation.swift */,
			000000000000000010000002 /* AppConfig.swift */,
			000000000000000010000003 /* HistoryStore.swift */,
			000000000000000010000004 /* ModelDownloadService.swift */,
			000000000000000010000005 /* ModelStore.swift */,
			000000000000000010000006 /* TranslatorService.swift */,
			000000000000000010000007 /* ViewModel.swift */,
			000000000000000010000008 /* OnboardingView.swift */,
			000000000000000010000009 /* SettingsView.swift */,
			00000000000000001000000A /* TranslationView.swift */,
			00000000000000001000000B /* Assets.xcassets */,
			00000000000000001000000C /* PrivacyPolicyView.swift */,); path = LinguaPaw; sourceTree = "<group>"; };
		300000000000000000000003 /* Products */ = {isa = PBXGroup; children = (300000000000000000000001 /* LinguaPaw.app */,); name = Products; sourceTree = "<group>"; };
		300000000000000000000004 /* LinguaPaw */ = {isa = PBXNativeTarget; buildConfigurationList = 300000000000000000000007 /* Build configuration list for PBXNativeTarget "LinguaPaw" */; buildPhases = (300000000000000000000005 /* Sources */, 300000000000000000000006 /* Frameworks */, 300000000000000000000015 /* Resources */,); buildRules = (); dependencies = (); name = LinguaPaw; productName = LinguaPaw; productReference = 300000000000000000000001 /* LinguaPaw.app */; productType = "com.apple.product-type.application"; };
		300000000000000000000008 /* Project */ = {isa = PBXProject; attributes = {LastUpgradeCheck = 1600; TargetAttributes = {300000000000000000000004 = {CreatedOnToolsVersion = 16.0;};};}; buildConfigurationList = 300000000000000000000009 /* Build configuration list for PBXProject "LinguaPaw" */; compatibilityVersion = "Xcode 14.0"; developmentRegion = en; hasScannedForEncodings = 0; knownRegions = (en, Base,); mainGroup = 300000000000000000000010; productRefGroup = 300000000000000000000003 /* Products */; projectDirPath = ""; projectRoot = ""; targets = (300000000000000000000004 /* LinguaPaw */,); };
		300000000000000000000010 /* Main Group */ = {isa = PBXGroup; children = (300000000000000000000002 /* LinguaPaw */, 300000000000000000000003 /* Products */,); sourceTree = "<group>"; };
		300000000000000000000005 /* Sources */ = {isa = PBXSourcesBuildPhase; buildActionMask = 2147483647; files = (
			000000000000000020000000 /* LinguaPawApp.swift in Sources */,
			000000000000000020000001 /* Translation.swift in Sources */,
			000000000000000020000002 /* AppConfig.swift in Sources */,
			000000000000000020000003 /* HistoryStore.swift in Sources */,
			000000000000000020000004 /* ModelDownloadService.swift in Sources */,
			000000000000000020000005 /* ModelStore.swift in Sources */,
			000000000000000020000006 /* TranslatorService.swift in Sources */,
			000000000000000020000007 /* ViewModel.swift in Sources */,
			000000000000000020000008 /* OnboardingView.swift in Sources */,
			000000000000000020000009 /* SettingsView.swift in Sources */,
			00000000000000002000000A /* TranslationView.swift in Sources */,
			00000000000000002000000C /* PrivacyPolicyView.swift in Sources */,); runOnlyForDeploymentPostprocessing = 0; };
		300000000000000000000006 /* Frameworks */ = {isa = PBXFrameworksBuildPhase; buildActionMask = 2147483647; files = (); runOnlyForDeploymentPostprocessing = 0; };
		300000000000000000000015 /* Resources */ = {isa = PBXResourcesBuildPhase; buildActionMask = 2147483647; files = (
			00000000000000002000000B /* Assets.xcassets in Resources */,); runOnlyForDeploymentPostprocessing = 0; };
		300000000000000000000009 /* Build configuration list for PBXProject "LinguaPaw" */ = {isa = XCConfigurationList; buildConfigurations = (300000000000000000000011, 300000000000000000000012,); defaultConfigurationIsVisible = 0; defaultConfigurationName = Release; };
		300000000000000000000007 /* Build configuration list for PBXNativeTarget "LinguaPaw" */ = {isa = XCConfigurationList; buildConfigurations = (300000000000000000000013, 300000000000000000000014,); defaultConfigurationIsVisible = 0; defaultConfigurationName = Release; };
		300000000000000000000011 = {isa = XCBuildConfiguration; buildSettings = {ALWAYS_SEARCH_USER_PATHS = NO; IPHONEOS_DEPLOYMENT_TARGET = 16.0; SWIFT_VERSION = 5.9; }; name = Debug; };
		300000000000000000000012 = {isa = XCBuildConfiguration; buildSettings = {ALWAYS_SEARCH_USER_PATHS = NO; IPHONEOS_DEPLOYMENT_TARGET = 16.0; SWIFT_VERSION = 5.9; }; name = Release; };
		300000000000000000000013 = {isa = XCBuildConfiguration; buildSettings = {ALWAYS_SEARCH_USER_PATHS = NO; ASSETCATALOG_COMPILER_APPICON_NAME = AppIcon; CODE_SIGN_STYLE = Automatic; DEVELOPMENT_TEAM = ""; GENERATE_INFOPLIST_FILE = NO; HEADER_SEARCH_PATHS = ("$(inherited)", "$(PROJECT_DIR)/Vendor/llama.xcframework/ios-arm64/Headers"); LIBRARY_SEARCH_PATHS = ("$(inherited)", "$(PROJECT_DIR)/Vendor/llama.xcframework/ios-arm64"); INFOPLIST_FILE = LinguaPaw/Info.plist; IPHONEOS_DEPLOYMENT_TARGET = 16.0; OTHER_LDFLAGS = ("$(inherited)", "-lllama_combined", "-lc++"); PRODUCT_BUNDLE_IDENTIFIER = com.SiaSoft.LinguaPaw; PRODUCT_NAME = "$(TARGET_NAME)"; SWIFT_VERSION = 5.9; TARGETED_DEVICE_FAMILY = "1,2"; }; name = Debug; };
		300000000000000000000014 = {isa = XCBuildConfiguration; buildSettings = {ALWAYS_SEARCH_USER_PATHS = NO; ASSETCATALOG_COMPILER_APPICON_NAME = AppIcon; CODE_SIGN_STYLE = Automatic; DEVELOPMENT_TEAM = ""; GENERATE_INFOPLIST_FILE = NO; HEADER_SEARCH_PATHS = ("$(inherited)", "$(PROJECT_DIR)/Vendor/llama.xcframework/ios-arm64/Headers"); LIBRARY_SEARCH_PATHS = ("$(inherited)", "$(PROJECT_DIR)/Vendor/llama.xcframework/ios-arm64"); INFOPLIST_FILE = LinguaPaw/Info.plist; IPHONEOS_DEPLOYMENT_TARGET = 16.0; OTHER_LDFLAGS = ("$(inherited)", "-lllama_combined", "-lc++"); PRODUCT_BUNDLE_IDENTIFIER = com.SiaSoft.LinguaPaw; PRODUCT_NAME = "$(TARGET_NAME)"; SWIFT_OPTIMIZATION_LEVEL = "-O"; SWIFT_VERSION = 5.9; TARGETED_DEVICE_FAMILY = "1,2"; }; name = Release; };
	};
	rootObject = 300000000000000000000008 /* Project */;
}
